// !$*UTF8*$!
{
	archiveVersion = 1;
	classes = {
	};
	objectVersion = 46;
	objects = {

/* Begin PBXBuildFile section */
		0C7BB16F1A75F19200FC88CA /* main.m in Sources */ = {isa = PBXBuildFile; fileRef = 0C7BB16E1A75F19200FC88CA /* main.m */; };
/* End PBXBuildFile section */

/* Begin PBXCopyFilesBuildPhase section */
		0C7BB1691A75F19100FC88CA /* CopyFiles */ = {
			isa = PBXCopyFilesBuildPhase;
			buildActionMask = 2147483647;
			dstPath = /usr/share/man/man1/;
			dstSubfolderSpec = 0;
			files = (
			);
			runOnlyForDeploymentPostprocessing = 1;
		};
/* End PBXCopyFilesBuildPhase section */

/* Begin PBXFileReference section */
		0C7BB16B1A75F19100FC88CA /* XCodeNSUserDefaultsBug */ = {isa = PBXFileReference; explicitFileType = "compiled.mach-o.executable"; includeInIndex = 0; path = XCodeNSUserDefaultsBug; sourceTree = BUILT_PRODUCTS_DIR; };
		0C7BB16E1A75F19200FC88CA /* main.m */ = {isa = PBXFileReference; lastKnownFileType = sourcecode.c.objc; path = main.m; sourceTree = "<group>"; };
/* End PBXFileReference section */

/* Begin PBXFrameworksBuildPhase section */
		0C7BB1681A75F19100FC88CA /* Frameworks */ = {
			isa = PBXFrameworksBuildPhase;
			buildActionMask = 2147483647;
			files = (
			);
			runOnlyForDeploymentPostprocessing = 0;
		};
/* End PBXFrameworksBuildPhase section */

/* Begin PBXGroup section */
		0C7BB1621A75F19100FC88CA = {
			isa = PBXGroup;
			children = (
				0C7BB16D1A75F19100FC88CA /* XCodeNSUserDefaultsBug */,
				0C7BB16C1A75F19100FC88CA /* Products */,
			);
			sourceTree = "<group>";
		};
		0C7BB16C1A75F19100FC88CA /* Products */ = {
			isa = PBXGroup;
			children = (
				0C7BB16B1A75F19100FC88CA /* XCodeNSUserDefaultsBug */,
			);
			name = Products;
			sourceTree = "<group>";
		};
		0C7BB16D1A75F19100FC88CA /* XCodeNSUserDefaultsBug */ = {
			isa = PBXGroup;
			children = (
				0C7BB16E1A75F19200FC88CA /* main.m */,
			);
			path = XCodeNSUserDefaultsBug;
			sourceTree = "<group>";
		};
/* End PBXGroup section */

/* Begin PBXNativeTarget section */
		0C7BB16A1A75F19100FC88CA /* XCodeNSUserDefaultsBug */ = {
			isa = PBXNativeTarget;
			buildConfigurationList = 0C7BB1721A75F19200FC88CA /* Build configuration list for PBXNativeTarget "XCodeNSUserDefaultsBug" */;
			buildPhases = (
				0C7BB1671A75F19100FC88CA /* Sources */,
				0C7BB1681A75F19100FC88CA /* Frameworks */,
				0C7BB1691A75F19100FC88CA /* CopyFiles */,
			);
			buildRules = (
			);
			dependencies = (
			);
			name = XCodeNSUserDefaultsBug;
			productName = XCodeNSUserDefaultsBug;
			productReference = 0C7BB16B1A75F19100FC88CA /* XCodeNSUserDefaultsBug */;
			productType = "com.apple.product-type.tool";
		};
/* End PBXNativeTarget section */

/* Begin PBXProject section */
		0C7BB1631A75F19100FC88CA /* Project object */ = {
			isa = PBXProject;
			attributes = {
				LastUpgradeCheck = 0620;
				ORGANIZATIONNAME = iOSDeveloperZone.com;
				TargetAttributes = {
					0C7BB16A1A75F19100FC88CA = {
						CreatedOnToolsVersion = 6.2;
					};
				};
			};
			buildConfigurationList = 0C7BB1661A75F19100FC88CA /* Build configuration list for PBXProject "XCodeNSUserDefaultsBug" */;
			compatibilityVersion = "Xcode 3.2";
			developmentRegion = English;
			hasScannedForEncodings = 0;
			knownRegions = (
				en,
			);
			mainGroup = 0C7BB1621A75F19100FC88CA;
			productRefGroup = 0C7BB16C1A75F19100FC88CA /* Products */;
			projectDirPath = "";
			projectRoot = "";
			targets = (
				0C7BB16A1A75F19100FC88CA /* XCodeNSUserDefaultsBug */,
			);
		};
/* End PBXProject section */

/* Begin PBXSourcesBuildPhase section */
		0C7BB1671A75F19100FC88CA /* Sources */ = {
			isa = PBXSourcesBuildPhase;
			buildActionMask = 2147483647;
			files = (
				0C7BB16F1A75F19200FC88CA /* main.m in Sources */,
			);
			runOnlyForDeploymentPostprocessing = 0;
		};
/* End PBXSourcesBuildPhase section */

/* Begin XCBuildConfiguration section */
		0C7BB1701A75F19200FC88CA /* Debug */ = {
			isa = XCBuildConfiguration;
			buildSettings = {
				ALWAYS_SEARCH_USER_PATHS = NO;
				CLANG_CXX_LANGUAGE_STANDARD = "gnu++0x";
				CLANG_CXX_LIBRARY = "libc++";
				CLANG_ENABLE_MODULES = YES;
				CLANG_ENABLE_OBJC_ARC = YES;
				CLANG_WARN_BOOL_CONVERSION = YES;
				CLANG_WARN_CONSTANT_CONVERSION = YES;
				CLANG_WARN_DIRECT_OBJC_ISA_USAGE = YES_ERROR;
				CLANG_WARN_EMPTY_BODY = YES;
				CLANG_WARN_ENUM_CONVERSION = YES;
				CLANG_WARN_INT_CONVERSION = YES;
				CLANG_WARN_OBJC_ROOT_CLASS = YES_ERROR;
				CLANG_WARN_UNREACHABLE_CODE = YES;
				CLANG_WARN__DUPLICATE_METHOD_MATCH = YES;
				COPY_PHASE_STRIP = NO;
				ENABLE_STRICT_OBJC_MSGSEND = YES;
				GCC_C_LANGUAGE_STANDARD = gnu99;
				GCC_DYNAMIC_NO_PIC = NO;
				GCC_OPTIMIZATION_LEVEL = 0;
				GCC_PREPROCESSOR_DEFINITIONS = (
					"DEBUG=1",
					"$(inherited)",
				);
				GCC_SYMBOLS_PRIVATE_EXTERN = NO;
				GCC_WARN_64_TO_32_BIT_CONVERSION = YES;
				GCC_WARN_ABOUT_RETURN_TYPE = YES_ERROR;
				GCC_WARN_UNDECLARED_SELECTOR = YES;
				GCC_WARN_UNINITIALIZED_AUTOS = YES_AGGRESSIVE;
				GCC_WARN_UNUSED_FUNCTION = YES;
				GCC_WARN_UNUSED_VARIABLE = YES;
				MACOSX_DEPLOYMENT_TARGET = 10.10;
				MTL_ENABLE_DEBUG_INFO = YES;
				ONLY_ACTIVE_ARCH = YES;
				SDKROOT = macosx;
			};
			name = Debug;
		};
		0C7BB1711A75F19200FC88CA /* Release */ = {
			isa = XCBuildConfiguration;
			buildSettings = {
				ALWAYS_SEARCH_USER_PATHS = NO;
				CLANG_CXX_LANGUAGE_STANDARD = "gnu++0x";
				CLANG_CXX_LIBRARY = "libc++";
				CLANG_ENABLE_MODULES = YES;
				CLANG_ENABLE_OBJC_ARC = YES;
				CLANG_WARN_BOOL_CONVERSION = YES;
				CLANG_WARN_CONSTANT_CONVERSION = YES;
				CLANG_WARN_DIRECT_OBJC_ISA_USAGE = YES_ERROR;
				CLANG_WARN_EMPTY_BODY = YES;
				CLANG_WARN_ENUM_CONVERSION = YES;
				CLANG_WARN_INT_CONVERSION = YES;
				CLANG_WARN_OBJC_ROOT_CLASS = YES_ERROR;
				CLANG_WARN_UNREACHABLE_CODE = YES;
				CLANG_WARN__DUPLICATE_METHOD_MATCH = YES;
				COPY_PHASE_STRIP = NO;
				DEBUG_INFORMATION_FORMAT = "dwarf-with-dsym";
				ENABLE_NS_ASSERTIONS = NO;
				ENABLE_STRICT_OBJC_MSGSEND = YES;
				GCC_C_LANGUAGE_STANDARD = gnu99;
				GCC_WARN_64_TO_32_BIT_CONVERSION = YES;
				GCC_WARN_ABOUT_RETURN_TYPE = YES_ERROR;
				GCC_WARN_UNDECLARED_SELECTOR = YES;
				GCC_WARN_UNINITIALIZED_AUTOS = YES_AGGRESSIVE;
				GCC_WARN_UNUSED_FUNCTION = YES;
				GCC_WARN_UNUSED_VARIABLE = YES;
				MACOSX_DEPLOYMENT_TARGET = 10.10;
				MTL_ENABLE_DEBUG_INFO = NO;
				SDKROOT = macosx;
			};
			name = Release;
		};
		0C7BB1731A75F19200FC88CA /* Debug */ = {
			isa = XCBuildConfiguration;
			buildSettings = {
				PRODUCT_NAME = "$(TARGET_NAME)";
			};
			name = Debug;
		};
		0C7BB1741A75F19200FC88CA /* Release */ = {
			isa = XCBuildConfiguration;
			buildSettings = {
				PRODUCT_NAME = "$(TARGET_NAME)";
			};
			name = Release;
		};
/* End XCBuildConfiguration section */

/* Begin XCConfigurationList section */
		0C7BB1661A75F19100FC88CA /* Build configuration list for PBXProject "XCodeNSUserDefaultsBug" */ = {
			isa = XCConfigurationList;
			buildConfigurations = (
				0C7BB1701A75F19200FC88CA /* Debug */,
				0C7BB1711A75F19200FC88CA /* Release */,
			);
			defaultConfigurationIsVisible = 0;
			defaultConfigurationName = Release;
		};
		0C7BB1721A75F19200FC88CA /* Build configuration list for PBXNativeTarget "XCodeNSUserDefaultsBug" */ = {
			isa = XCConfigurationList;
			buildConfigurations = (
				0C7BB1731A75F19200FC88CA /* Debug */,
				0C7BB1741A75F19200FC88CA /* Release */,
			);
			defaultConfigurationIsVisible = 0;
		};
/* End XCConfigurationList section */
	};
	rootObject = 0C7BB1631A75F19100FC88CA /* Project object */;
}
